
Microsoft Visual Studio Solution File, Format Version 12.00
# Visual Studio Version 17
VisualStudioVersion = 17.5.33530.505
MinimumVisualStudioVersion = 10.0.40219.1
Project("{8BC9CEB8-8B4A-11D0-8D11-00A0C91BC942}") = "Patient Management System", "Patient Management System.vcxproj", "{534798BB-3088-438E-AEA5-8EFD6013F9EF}"
EndProject
Global
	GlobalSection(SolutionConfigurationPlatforms) = preSolution
		Debug|x64 = Debug|x64
		Debug|x86 = Debug|x86
		Release|x64 = Release|x64
		Release|x86 = Release|x86
	EndGlobalSection
	GlobalSection(ProjectConfigurationPlatforms) = postSolution
		{534798BB-3088-438E-AEA5-8EFD6013F9EF}.Debug|x64.ActiveCfg = Debug|x64
		{534798BB-3088-438E-AEA5-8EFD6013F9EF}.Debug|x64.Build.0 = Debug|x64
		{534798BB-3088-438E-AEA5-8EFD6013F9EF}.Debug|x86.ActiveCfg = Debug|Win32
		{534798BB-3088-438E-AEA5-8EFD6013F9EF}.Debug|x86.Build.0 = Debug|Win32
		{534798BB-3088-438E-AEA5-8EFD6013F9EF}.Release|x64.ActiveCfg = Release|x64
		{534798BB-3088-438E-AEA5-8EFD6013F9EF}.Release|x64.Build.0 = Release|x64
		{534798BB-3088-438E-AEA5-8EFD6013F9EF}.Release|x86.ActiveCfg = Release|Win32
		{534798BB-3088-438E-AEA5-8EFD6013F9EF}.Release|x86.Build.0 = Release|Win32
	EndGlobalSection
	GlobalSection(SolutionProperties) = preSolution
		HideSolutionNode = FALSE
	EndGlobalSection
	GlobalSection(ExtensibilityGlobals) = postSolution
		SolutionGuid = {8442386C-F03B-4F30-9434-98585F4D9CC7}
	EndGlobalSection
EndGlobal
